
Microsoft Visual Studio Solution File, Format Version 12.00
# Visual Studio Version 17
VisualStudioVersion = 17.0.31903.59
MinimumVisualStudioVersion = 10.0.40219.1
Project("{FAE04EC0-301F-11D3-BF4B-00C04F79EFBC}") = "API", "API\API.csproj", "{162B4831-62F0-4C95-B09D-6E353A78340A}"
EndProject
Project("{FAE04EC0-301F-11D3-BF4B-00C04F79EFBC}") = "Application", "Application\Application.csproj", "{089B26CC-2087-499C-9D72-2A02DCE94649}"
EndProject
Project("{FAE04EC0-301F-11D3-BF4B-00C04F79EFBC}") = "Persistence", "Persistence\Persistence.csproj", "{BA38CFE1-4CEA-43CD-8AB3-26B1302120CD}"
EndProject
Project("{FAE04EC0-301F-11D3-BF4B-00C04F79EFBC}") = "Domain", "Domain\Domain.csproj", "{59195514-4F97-486D-86B8-6947FE866571}"
EndProject
Project("{FAE04EC0-301F-11D3-BF4B-00C04F79EFBC}") = "Infrastracture", "Infrastracture\Infrastracture.csproj", "{55AB5EEB-C857-46FA-B39A-4669074845CE}"
EndProject
Global
	GlobalSection(SolutionConfigurationPlatforms) = preSolution
		Debug|Any CPU = Debug|Any CPU
		Release|Any CPU = Release|Any CPU
	EndGlobalSection
	GlobalSection(SolutionProperties) = preSolution
		HideSolutionNode = FALSE
	EndGlobalSection
	GlobalSection(ProjectConfigurationPlatforms) = postSolution
		{162B4831-62F0-4C95-B09D-6E353A78340A}.Debug|Any CPU.ActiveCfg = Debug|Any CPU
		{162B4831-62F0-4C95-B09D-6E353A78340A}.Debug|Any CPU.Build.0 = Debug|Any CPU
		{162B4831-62F0-4C95-B09D-6E353A78340A}.Release|Any CPU.ActiveCfg = Release|Any CPU
		{162B4831-62F0-4C95-B09D-6E353A78340A}.Release|Any CPU.Build.0 = Release|Any CPU
		{089B26CC-2087-499C-9D72-2A02DCE94649}.Debug|Any CPU.ActiveCfg = Debug|Any CPU
		{089B26CC-2087-499C-9D72-2A02DCE94649}.Debug|Any CPU.Build.0 = Debug|Any CPU
		{089B26CC-2087-499C-9D72-2A02DCE94649}.Release|Any CPU.ActiveCfg = Release|Any CPU
		{089B26CC-2087-499C-9D72-2A02DCE94649}.Release|Any CPU.Build.0 = Release|Any CPU
		{BA38CFE1-4CEA-43CD-8AB3-26B1302120CD}.Debug|Any CPU.ActiveCfg = Debug|Any CPU
		{BA38CFE1-4CEA-43CD-8AB3-26B1302120CD}.Debug|Any CPU.Build.0 = Debug|Any CPU
		{BA38CFE1-4CEA-43CD-8AB3-26B1302120CD}.Release|Any CPU.ActiveCfg = Release|Any CPU
		{BA38CFE1-4CEA-43CD-8AB3-26B1302120CD}.Release|Any CPU.Build.0 = Release|Any CPU
		{59195514-4F97-486D-86B8-6947FE866571}.Debug|Any CPU.ActiveCfg = Debug|Any CPU
		{59195514-4F97-486D-86B8-6947FE866571}.Debug|Any CPU.Build.0 = Debug|Any CPU
		{59195514-4F97-486D-86B8-6947FE866571}.Release|Any CPU.ActiveCfg = Release|Any CPU
		{59195514-4F97-486D-86B8-6947FE866571}.Release|Any CPU.Build.0 = Release|Any CPU
		{55AB5EEB-C857-46FA-B39A-4669074845CE}.Debug|Any CPU.ActiveCfg = Debug|Any CPU
		{55AB5EEB-C857-46FA-B39A-4669074845CE}.Debug|Any CPU.Build.0 = Debug|Any CPU
		{55AB5EEB-C857-46FA-B39A-4669074845CE}.Release|Any CPU.ActiveCfg = Release|Any CPU
		{55AB5EEB-C857-46FA-B39A-4669074845CE}.Release|Any CPU.Build.0 = Release|Any CPU
	EndGlobalSection
EndGlobal
